PODS:
  - ILGHttpConstants (2.0.0)
  - KIF (3.6.0):
    - KIF/Core (= 3.6.0)
  - KIF/Core (3.6.0)
  - SpotHero_iOS_Partner_SDK (1.0.0)
  - SwiftLint (0.24.0)
  - VOKBenkode (0.3.0)
  - VOKMockUrlProtocol (2.4.0):
    - ILGHttpConstants (~> 2.0)
    - VOKBenkode (~> 0.3)

DEPENDENCIES:
  - KIF (~> 3.6.0)
  - SpotHero_iOS_Partner_SDK (from `../`)
  - SwiftLint (~> 0.24.0)
  - VOKMockUrlProtocol (~> 2.4.0)

EXTERNAL SOURCES:
  SpotHero_iOS_Partner_SDK:
    :path: ../

SPEC CHECKSUMS:
  ILGHttpConstants: e00456719151b96eec4b1c170e12f5edf71564e1
  KIF: bd770edd8ce49bc7308501e4871e58a02d137be3
  SpotHero_iOS_Partner_SDK: ce7ecbfb383b4da6a966791d047e7ff995aa5485
  SwiftLint: a014c92b4664e8b13f380f8640a51bb1733778ba
  VOKBenkode: 272b78425bbeca87d0e2fc0809ffc041f88f8cd1
  VOKMockUrlProtocol: 087760219686ac91d9d5ae9dad488575437ab77c

PODFILE CHECKSUM: e10d32e7e038d0be67a55f1efd6665eb6b6130df

COCOAPODS: 1.3.1
