PODS:
  - ILGHttpConstants (2.0.0)
  - KIF (3.7.2):
    - KIF/Core (= 3.7.2)
  - KIF/Core (3.7.2)
  - SpotHero_iOS_Partner_SDK (2.2.0)
  - SwiftLint (0.29.3)
  - VOKBenkode (0.3.0)
  - VOKMockUrlProtocol (2.4.0):
    - ILGHttpConstants (~> 2.0)
    - VOKBenkode (~> 0.3)

DEPENDENCIES:
  - KIF (~> 3.7.1)
  - SpotHero_iOS_Partner_SDK (from `../`)
  - SwiftLint (~> 0.29.3)
  - VOKMockUrlProtocol (~> 2.4.0)

SPEC REPOS:
  https://github.com/cocoapods/specs.git:
    - ILGHttpConstants
    - KIF
    - SwiftLint
    - VOKBenkode
    - VOKMockUrlProtocol

EXTERNAL SOURCES:
  SpotHero_iOS_Partner_SDK:
    :path: "../"

SPEC CHECKSUMS:
  ILGHttpConstants: e00456719151b96eec4b1c170e12f5edf71564e1
  KIF: a01333c63303557730ec74dabbc7a661185ced9f
  SpotHero_iOS_Partner_SDK: 575b484c6c043cece0782fd4b32719f3a2adf894
  SwiftLint: bfa7ca7b4d170cfaf0d236ca3ffd969e88a2f002
  VOKBenkode: 272b78425bbeca87d0e2fc0809ffc041f88f8cd1
  VOKMockUrlProtocol: 087760219686ac91d9d5ae9dad488575437ab77c

PODFILE CHECKSUM: ff5eb32b2ece834dd7b92e6630f680bb98898b45

COCOAPODS: 1.5.3
