PODS:
  - SpotHero_iOS_Google_Places_Wrapper (0.1.0)

DEPENDENCIES:
  - SpotHero_iOS_Google_Places_Wrapper (from `../`)

EXTERNAL SOURCES:
  SpotHero_iOS_Google_Places_Wrapper:
    :path: ../

SPEC CHECKSUMS:
  SpotHero_iOS_Google_Places_Wrapper: 12eb749a2586ec4b40072d2f87a7d41bf0830998

PODFILE CHECKSUM: 8de0bcf095cd8045622627721dc08eb4b24fba6d

COCOAPODS: 1.1.1
